
Microsoft Visual Studio Solution File, Format Version 12.00
# Visual Studio Version 16
VisualStudioVersion = 16.0.30011.22
MinimumVisualStudioVersion = 10.0.40219.1
Project("{9A19103F-16F7-4668-BE54-9A1E7A4F7556}") = "TemporaryLunarCoins", "TemporaryLunarCoins.csproj", "{1314AE5C-10CB-4B55-9A0A-E800E46CF1FE}"
EndProject
Global
	GlobalSection(SolutionConfigurationPlatforms) = preSolution
		Debug|Any CPU = Debug|Any CPU
		Release|Any CPU = Release|Any CPU
	EndGlobalSection
	GlobalSection(ProjectConfigurationPlatforms) = postSolution
		{1314AE5C-10CB-4B55-9A0A-E800E46CF1FE}.Debug|Any CPU.ActiveCfg = Debug|Any CPU
		{1314AE5C-10CB-4B55-9A0A-E800E46CF1FE}.Debug|Any CPU.Build.0 = Debug|Any CPU
		{1314AE5C-10CB-4B55-9A0A-E800E46CF1FE}.Release|Any CPU.ActiveCfg = Release|Any CPU
		{1314AE5C-10CB-4B55-9A0A-E800E46CF1FE}.Release|Any CPU.Build.0 = Release|Any CPU
	EndGlobalSection
	GlobalSection(SolutionProperties) = preSolution
		HideSolutionNode = FALSE
	EndGlobalSection
	GlobalSection(ExtensibilityGlobals) = postSolution
		SolutionGuid = {8894EA66-EB34-416B-B51C-3D502476EB7F}
	EndGlobalSection
EndGlobal
